// !$*UTF8*$!
{
	archiveVersion = 1;
	classes = {
	};
	objectVersion = 50;
	objects = {

/* Begin PBXBuildFile section */
		CE1C284421BA6925000612F3 /* AppDelegate.swift in Sources */ = {isa = PBXBuildFile; fileRef = CE1C284321BA6925000612F3 /* AppDelegate.swift */; };
		CE1C284921BA6925000612F3 /* Main.storyboard in Resources */ = {isa = PBXBuildFile; fileRef = CE1C284721BA6925000612F3 /* Main.storyboard */; };
		CE1C284B21BA6926000612F3 /* Assets.xcassets in Resources */ = {isa = PBXBuildFile; fileRef = CE1C284A21BA6926000612F3 /* Assets.xcassets */; };
		CE1C284E21BA6926000612F3 /* LaunchScreen.storyboard in Resources */ = {isa = PBXBuildFile; fileRef = CE1C284C21BA6926000612F3 /* LaunchScreen.storyboard */; };
		CE1C286421BA698E000612F3 /* TableViewController.swift in Sources */ = {isa = PBXBuildFile; fileRef = CE1C286321BA698E000612F3 /* TableViewController.swift */; };
/* End PBXBuildFile section */

/* Begin PBXContainerItemProxy section */
		CE1C285521BA6926000612F3 /* PBXContainerItemProxy */ = {
			isa = PBXContainerItemProxy;
			containerPortal = CE1C283821BA6925000612F3 /* Project object */;
			proxyType = 1;
			remoteGlobalIDString = CE1C283F21BA6925000612F3;
			remoteInfo = SearchBar2;
		};
/* End PBXContainerItemProxy section */

/* Begin PBXFileReference section */
		CE1C284021BA6925000612F3 /* SearchBar2.app */ = {isa = PBXFileReference; explicitFileType = wrapper.application; includeInIndex = 0; path = SearchBar2.app; sourceTree = BUILT_PRODUCTS_DIR; };
		CE1C284321BA6925000612F3 /* AppDelegate.swift */ = {isa = PBXFileReference; lastKnownFileType = sourcecode.swift; path = AppDelegate.swift; sourceTree = "<group>"; };
		CE1C284821BA6925000612F3 /* Base */ = {isa = PBXFileReference; lastKnownFileType = file.storyboard; name = Base; path = Base.lproj/Main.storyboard; sourceTree = "<group>"; };
		CE1C284A21BA6926000612F3 /* Assets.xcassets */ = {isa = PBXFileReference; lastKnownFileType = folder.assetcatalog; path = Assets.xcassets; sourceTree = "<group>"; };
		CE1C284D21BA6926000612F3 /* Base */ = {isa = PBXFileReference; lastKnownFileType = file.storyboard; name = Base; path = Base.lproj/LaunchScreen.storyboard; sourceTree = "<group>"; };
		CE1C284F21BA6926000612F3 /* Info.plist */ = {isa = PBXFileReference; lastKnownFileType = text.plist.xml; path = Info.plist; sourceTree = "<group>"; };
		CE1C285421BA6926000612F3 /* SearchBar2Tests.xctest */ = {isa = PBXFileReference; explicitFileType = wrapper.cfbundle; includeInIndex = 0; path = SearchBar2Tests.xctest; sourceTree = BUILT_PRODUCTS_DIR; };
		CE1C285A21BA6926000612F3 /* Info.plist */ = {isa = PBXFileReference; lastKnownFileType = text.plist.xml; path = Info.plist; sourceTree = "<group>"; };
		CE1C286321BA698E000612F3 /* TableViewController.swift */ = {isa = PBXFileReference; lastKnownFileType = sourcecode.swift; path = TableViewController.swift; sourceTree = "<group>"; };
/* End PBXFileReference section */

/* Begin PBXFrameworksBuildPhase section */
		CE1C283D21BA6925000612F3 /* Frameworks */ = {
			isa = PBXFrameworksBuildPhase;
			buildActionMask = 2147483647;
			files = (
			);
			runOnlyForDeploymentPostprocessing = 0;
		};
		CE1C285121BA6926000612F3 /* Frameworks */ = {
			isa = PBXFrameworksBuildPhase;
			buildActionMask = 2147483647;
			files = (
			);
			runOnlyForDeploymentPostprocessing = 0;
		};
/* End PBXFrameworksBuildPhase section */

/* Begin PBXGroup section */
		CE1C283721BA6925000612F3 = {
			isa = PBXGroup;
			children = (
				CE1C284221BA6925000612F3 /* SearchBar2 */,
				CE1C285721BA6926000612F3 /* SearchBar2Tests */,
				CE1C284121BA6925000612F3 /* Products */,
			);
			sourceTree = "<group>";
		};
		CE1C284121BA6925000612F3 /* Products */ = {
			isa = PBXGroup;
			children = (
				CE1C284021BA6925000612F3 /* SearchBar2.app */,
				CE1C285421BA6926000612F3 /* SearchBar2Tests.xctest */,
			);
			name = Products;
			sourceTree = "<group>";
		};
		CE1C284221BA6925000612F3 /* SearchBar2 */ = {
			isa = PBXGroup;
			children = (
				CE1C284321BA6925000612F3 /* AppDelegate.swift */,
				CE1C286321BA698E000612F3 /* TableViewController.swift */,
				CE1C284721BA6925000612F3 /* Main.storyboard */,
				CE1C284A21BA6926000612F3 /* Assets.xcassets */,
				CE1C284C21BA6926000612F3 /* LaunchScreen.storyboard */,
				CE1C284F21BA6926000612F3 /* Info.plist */,
			);
			path = SearchBar2;
			sourceTree = "<group>";
		};
		CE1C285721BA6926000612F3 /* SearchBar2Tests */ = {
			isa = PBXGroup;
			children = (
				CE1C285A21BA6926000612F3 /* Info.plist */,
			);
			path = SearchBar2Tests;
			sourceTree = "<group>";
		};
/* End PBXGroup section */

/* Begin PBXNativeTarget section */
		CE1C283F21BA6925000612F3 /* SearchBar2 */ = {
			isa = PBXNativeTarget;
			buildConfigurationList = CE1C285D21BA6926000612F3 /* Build configuration list for PBXNativeTarget "SearchBar2" */;
			buildPhases = (
				CE1C283C21BA6925000612F3 /* Sources */,
				CE1C283D21BA6925000612F3 /* Frameworks */,
				CE1C283E21BA6925000612F3 /* Resources */,
			);
			buildRules = (
			);
			dependencies = (
			);
			name = SearchBar2;
			productName = SearchBar2;
			productReference = CE1C284021BA6925000612F3 /* SearchBar2.app */;
			productType = "com.apple.product-type.application";
		};
		CE1C285321BA6926000612F3 /* SearchBar2Tests */ = {
			isa = PBXNativeTarget;
			buildConfigurationList = CE1C286021BA6926000612F3 /* Build configuration list for PBXNativeTarget "SearchBar2Tests" */;
			buildPhases = (
				CE1C285021BA6926000612F3 /* Sources */,
				CE1C285121BA6926000612F3 /* Frameworks */,
				CE1C285221BA6926000612F3 /* Resources */,
			);
			buildRules = (
			);
			dependencies = (
				CE1C285621BA6926000612F3 /* PBXTargetDependency */,
			);
			name = SearchBar2Tests;
			productName = SearchBar2Tests;
			productReference = CE1C285421BA6926000612F3 /* SearchBar2Tests.xctest */;
			productType = "com.apple.product-type.bundle.unit-test";
		};
/* End PBXNativeTarget section */

/* Begin PBXProject section */
		CE1C283821BA6925000612F3 /* Project object */ = {
			isa = PBXProject;
			attributes = {
				LastSwiftUpdateCheck = 1000;
				LastUpgradeCheck = 1000;
				ORGANIZATIONNAME = duycuong;
				TargetAttributes = {
					CE1C283F21BA6925000612F3 = {
						CreatedOnToolsVersion = 10.0;
					};
					CE1C285321BA6926000612F3 = {
						CreatedOnToolsVersion = 10.0;
						TestTargetID = CE1C283F21BA6925000612F3;
					};
				};
			};
			buildConfigurationList = CE1C283B21BA6925000612F3 /* Build configuration list for PBXProject "SearchBar2" */;
			compatibilityVersion = "Xcode 9.3";
			developmentRegion = en;
			hasScannedForEncodings = 0;
			knownRegions = (
				en,
				Base,
			);
			mainGroup = CE1C283721BA6925000612F3;
			productRefGroup = CE1C284121BA6925000612F3 /* Products */;
			projectDirPath = "";
			projectRoot = "";
			targets = (
				CE1C283F21BA6925000612F3 /* SearchBar2 */,
				CE1C285321BA6926000612F3 /* SearchBar2Tests */,
			);
		};
/* End PBXProject section */

/* Begin PBXResourcesBuildPhase section */
		CE1C283E21BA6925000612F3 /* Resources */ = {
			isa = PBXResourcesBuildPhase;
			buildActionMask = 2147483647;
			files = (
				CE1C284E21BA6926000612F3 /* LaunchScreen.storyboard in Resources */,
				CE1C284B21BA6926000612F3 /* Assets.xcassets in Resources */,
				CE1C284921BA6925000612F3 /* Main.storyboard in Resources */,
			);
			runOnlyForDeploymentPostprocessing = 0;
		};
		CE1C285221BA6926000612F3 /* Resources */ = {
			isa = PBXResourcesBuildPhase;
			buildActionMask = 2147483647;
			files = (
			);
			runOnlyForDeploymentPostprocessing = 0;
		};
/* End PBXResourcesBuildPhase section */

/* Begin PBXSourcesBuildPhase section */
		CE1C283C21BA6925000612F3 /* Sources */ = {
			isa = PBXSourcesBuildPhase;
			buildActionMask = 2147483647;
			files = (
				CE1C284421BA6925000612F3 /* AppDelegate.swift in Sources */,
				CE1C286421BA698E000612F3 /* TableViewController.swift in Sources */,
			);
			runOnlyForDeploymentPostprocessing = 0;
		};
		CE1C285021BA6926000612F3 /* Sources */ = {
			isa = PBXSourcesBuildPhase;
			buildActionMask = 2147483647;
			files = (
			);
			runOnlyForDeploymentPostprocessing = 0;
		};
/* End PBXSourcesBuildPhase section */

/* Begin PBXTargetDependency section */
		CE1C285621BA6926000612F3 /* PBXTargetDependency */ = {
			isa = PBXTargetDependency;
			target = CE1C283F21BA6925000612F3 /* SearchBar2 */;
			targetProxy = CE1C285521BA6926000612F3 /* PBXContainerItemProxy */;
		};
/* End PBXTargetDependency section */

/* Begin PBXVariantGroup section */
		CE1C284721BA6925000612F3 /* Main.storyboard */ = {
			isa = PBXVariantGroup;
			children = (
				CE1C284821BA6925000612F3 /* Base */,
			);
			name = Main.storyboard;
			sourceTree = "<group>";
		};
		CE1C284C21BA6926000612F3 /* LaunchScreen.storyboard */ = {
			isa = PBXVariantGroup;
			children = (
				CE1C284D21BA6926000612F3 /* Base */,
			);
			name = LaunchScreen.storyboard;
			sourceTree = "<group>";
		};
/* End PBXVariantGroup section */

/* Begin XCBuildConfiguration section */
		CE1C285B21BA6926000612F3 /* Debug */ = {
			isa = XCBuildConfiguration;
			buildSettings = {
				ALWAYS_SEARCH_USER_PATHS = NO;
				CLANG_ANALYZER_NONNULL = YES;
				CLANG_ANALYZER_NUMBER_OBJECT_CONVERSION = YES_AGGRESSIVE;
				CLANG_CXX_LANGUAGE_STANDARD = "gnu++14";
				CLANG_CXX_LIBRARY = "libc++";
				CLANG_ENABLE_MODULES = YES;
				CLANG_ENABLE_OBJC_ARC = YES;
				CLANG_ENABLE_OBJC_WEAK = YES;
				CLANG_WARN_BLOCK_CAPTURE_AUTORELEASING = YES;
				CLANG_WARN_BOOL_CONVERSION = YES;
				CLANG_WARN_COMMA = YES;
				CLANG_WARN_CONSTANT_CONVERSION = YES;
				CLANG_WARN_DEPRECATED_OBJC_IMPLEMENTATIONS = YES;
				CLANG_WARN_DIRECT_OBJC_ISA_USAGE = YES_ERROR;
				CLANG_WARN_DOCUMENTATION_COMMENTS = YES;
				CLANG_WARN_EMPTY_BODY = YES;
				CLANG_WARN_ENUM_CONVERSION = YES;
				CLANG_WARN_INFINITE_RECURSION = YES;
				CLANG_WARN_INT_CONVERSION = YES;
				CLANG_WARN_NON_LITERAL_NULL_CONVERSION = YES;
				CLANG_WARN_OBJC_IMPLICIT_RETAIN_SELF = YES;
				CLANG_WARN_OBJC_LITERAL_CONVERSION = YES;
				CLANG_WARN_OBJC_ROOT_CLASS = YES_ERROR;
				CLANG_WARN_RANGE_LOOP_ANALYSIS = YES;
				CLANG_WARN_STRICT_PROTOTYPES = YES;
				CLANG_WARN_SUSPICIOUS_MOVE = YES;
				CLANG_WARN_UNGUARDED_AVAILABILITY = YES_AGGRESSIVE;
				CLANG_WARN_UNREACHABLE_CODE = YES;
				CLANG_WARN__DUPLICATE_METHOD_MATCH = YES;
				CODE_SIGN_IDENTITY = "iPhone Developer";
				COPY_PHASE_STRIP = NO;
				DEBUG_INFORMATION_FORMAT = dwarf;
				ENABLE_STRICT_OBJC_MSGSEND = YES;
				ENABLE_TESTABILITY = YES;
				GCC_C_LANGUAGE_STANDARD = gnu11;
				GCC_DYNAMIC_NO_PIC = NO;
				GCC_NO_COMMON_BLOCKS = YES;
				GCC_OPTIMIZATION_LEVEL = 0;
				GCC_PREPROCESSOR_DEFINITIONS = (
					"DEBUG=1",
					"$(inherited)",
				);
				GCC_WARN_64_TO_32_BIT_CONVERSION = YES;
				GCC_WARN_ABOUT_RETURN_TYPE = YES_ERROR;
				GCC_WARN_UNDECLARED_SELECTOR = YES;
				GCC_WARN_UNINITIALIZED_AUTOS = YES_AGGRESSIVE;
				GCC_WARN_UNUSED_FUNCTION = YES;
				GCC_WARN_UNUSED_VARIABLE = YES;
				IPHONEOS_DEPLOYMENT_TARGET = 12.0;
				MTL_ENABLE_DEBUG_INFO = INCLUDE_SOURCE;
				MTL_FAST_MATH = YES;
				ONLY_ACTIVE_ARCH = YES;
				SDKROOT = iphoneos;
				SWIFT_ACTIVE_COMPILATION_CONDITIONS = DEBUG;
				SWIFT_OPTIMIZATION_LEVEL = "-Onone";
			};
			name = Debug;
		};
		CE1C285C21BA6926000612F3 /* Release */ = {
			isa = XCBuildConfiguration;
			buildSettings = {
				ALWAYS_SEARCH_USER_PATHS = NO;
				CLANG_ANALYZER_NONNULL = YES;
				CLANG_ANALYZER_NUMBER_OBJECT_CONVERSION = YES_AGGRESSIVE;
				CLANG_CXX_LANGUAGE_STANDARD = "gnu++14";
				CLANG_CXX_LIBRARY = "libc++";
				CLANG_ENABLE_MODULES = YES;
				CLANG_ENABLE_OBJC_ARC = YES;
				CLANG_ENABLE_OBJC_WEAK = YES;
				CLANG_WARN_BLOCK_CAPTURE_AUTORELEASING = YES;
				CLANG_WARN_BOOL_CONVERSION = YES;
				CLANG_WARN_COMMA = YES;
				CLANG_WARN_CONSTANT_CONVERSION = YES;
				CLANG_WARN_DEPRECATED_OBJC_IMPLEMENTATIONS = YES;
				CLANG_WARN_DIRECT_OBJC_ISA_USAGE = YES_ERROR;
				CLANG_WARN_DOCUMENTATION_COMMENTS = YES;
				CLANG_WARN_EMPTY_BODY = YES;
				CLANG_WARN_ENUM_CONVERSION = YES;
				CLANG_WARN_INFINITE_RECURSION = YES;
				CLANG_WARN_INT_CONVERSION = YES;
				CLANG_WARN_NON_LITERAL_NULL_CONVERSION = YES;
				CLANG_WARN_OBJC_IMPLICIT_RETAIN_SELF = YES;
				CLANG_WARN_OBJC_LITERAL_CONVERSION = YES;
				CLANG_WARN_OBJC_ROOT_CLASS = YES_ERROR;
				CLANG_WARN_RANGE_LOOP_ANALYSIS = YES;
				CLANG_WARN_STRICT_PROTOTYPES = YES;
				CLANG_WARN_SUSPICIOUS_MOVE = YES;
				CLANG_WARN_UNGUARDED_AVAILABILITY = YES_AGGRESSIVE;
				CLANG_WARN_UNREACHABLE_CODE = YES;
				CLANG_WARN__DUPLICATE_METHOD_MATCH = YES;
				CODE_SIGN_IDENTITY = "iPhone Developer";
				COPY_PHASE_STRIP = NO;
				DEBUG_INFORMATION_FORMAT = "dwarf-with-dsym";
				ENABLE_NS_ASSERTIONS = NO;
				ENABLE_STRICT_OBJC_MSGSEND = YES;
				GCC_C_LANGUAGE_STANDARD = gnu11;
				GCC_NO_COMMON_BLOCKS = YES;
				GCC_WARN_64_TO_32_BIT_CONVERSION = YES;
				GCC_WARN_ABOUT_RETURN_TYPE = YES_ERROR;
				GCC_WARN_UNDECLARED_SELECTOR = YES;
				GCC_WARN_UNINITIALIZED_AUTOS = YES_AGGRESSIVE;
				GCC_WARN_UNUSED_FUNCTION = YES;
				GCC_WARN_UNUSED_VARIABLE = YES;
				IPHONEOS_DEPLOYMENT_TARGET = 12.0;
				MTL_ENABLE_DEBUG_INFO = NO;
				MTL_FAST_MATH = YES;
				SDKROOT = iphoneos;
				SWIFT_COMPILATION_MODE = wholemodule;
				SWIFT_OPTIMIZATION_LEVEL = "-O";
				VALIDATE_PRODUCT = YES;
			};
			name = Release;
		};
		CE1C285E21BA6926000612F3 /* Debug */ = {
			isa = XCBuildConfiguration;
			buildSettings = {
				ASSETCATALOG_COMPILER_APPICON_NAME = AppIcon;
				CODE_SIGN_STYLE = Automatic;
				INFOPLIST_FILE = SearchBar2/Info.plist;
				LD_RUNPATH_SEARCH_PATHS = (
					"$(inherited)",
					"@executable_path/Frameworks",
				);
				PRODUCT_BUNDLE_IDENTIFIER = duycuongB0.SearchBar2;
				PRODUCT_NAME = "$(TARGET_NAME)";
				SWIFT_VERSION = 4.2;
				TARGETED_DEVICE_FAMILY = "1,2";
			};
			name = Debug;
		};
		CE1C285F21BA6926000612F3 /* Release */ = {
			isa = XCBuildConfiguration;
			buildSettings = {
				ASSETCATALOG_COMPILER_APPICON_NAME = AppIcon;
				CODE_SIGN_STYLE = Automatic;
				INFOPLIST_FILE = SearchBar2/Info.plist;
				LD_RUNPATH_SEARCH_PATHS = (
					"$(inherited)",
					"@executable_path/Frameworks",
				);
				PRODUCT_BUNDLE_IDENTIFIER = duycuongB0.SearchBar2;
				PRODUCT_NAME = "$(TARGET_NAME)";
				SWIFT_VERSION = 4.2;
				TARGETED_DEVICE_FAMILY = "1,2";
			};
			name = Release;
		};
		CE1C286121BA6926000612F3 /* Debug */ = {
			isa = XCBuildConfiguration;
			buildSettings = {
				ALWAYS_EMBED_SWIFT_STANDARD_LIBRARIES = YES;
				BUNDLE_LOADER = "$(TEST_HOST)";
				CODE_SIGN_STYLE = Automatic;
				INFOPLIST_FILE = SearchBar2Tests/Info.plist;
				LD_RUNPATH_SEARCH_PATHS = (
					"$(inherited)",
					"@executable_path/Frameworks",
					"@loader_path/Frameworks",
				);
				PRODUCT_BUNDLE_IDENTIFIER = duycuongB0.SearchBar2Tests;
				PRODUCT_NAME = "$(TARGET_NAME)";
				SWIFT_VERSION = 4.2;
				TARGETED_DEVICE_FAMILY = "1,2";
				TEST_HOST = "$(BUILT_PRODUCTS_DIR)/SearchBar2.app/SearchBar2";
			};
			name = Debug;
		};
		CE1C286221BA6926000612F3 /* Release */ = {
			isa = XCBuildConfiguration;
			buildSettings = {
				ALWAYS_EMBED_SWIFT_STANDARD_LIBRARIES = YES;
				BUNDLE_LOADER = "$(TEST_HOST)";
				CODE_SIGN_STYLE = Automatic;
				INFOPLIST_FILE = SearchBar2Tests/Info.plist;
				LD_RUNPATH_SEARCH_PATHS = (
					"$(inherited)",
					"@executable_path/Frameworks",
					"@loader_path/Frameworks",
				);
				PRODUCT_BUNDLE_IDENTIFIER = duycuongB0.SearchBar2Tests;
				PRODUCT_NAME = "$(TARGET_NAME)";
				SWIFT_VERSION = 4.2;
				TARGETED_DEVICE_FAMILY = "1,2";
				TEST_HOST = "$(BUILT_PRODUCTS_DIR)/SearchBar2.app/SearchBar2";
			};
			name = Release;
		};
/* End XCBuildConfiguration section */

/* Begin XCConfigurationList section */
		CE1C283B21BA6925000612F3 /* Build configuration list for PBXProject "SearchBar2" */ = {
			isa = XCConfigurationList;
			buildConfigurations = (
				CE1C285B21BA6926000612F3 /* Debug */,
				CE1C285C21BA6926000612F3 /* Release */,
			);
			defaultConfigurationIsVisible = 0;
			defaultConfigurationName = Release;
		};
		CE1C285D21BA6926000612F3 /* Build configuration list for PBXNativeTarget "SearchBar2" */ = {
			isa = XCConfigurationList;
			buildConfigurations = (
				CE1C285E21BA6926000612F3 /* Debug */,
				CE1C285F21BA6926000612F3 /* Release */,
			);
			defaultConfigurationIsVisible = 0;
			defaultConfigurationName = Release;
		};
		CE1C286021BA6926000612F3 /* Build configuration list for PBXNativeTarget "SearchBar2Tests" */ = {
			isa = XCConfigurationList;
			buildConfigurations = (
				CE1C286121BA6926000612F3 /* Debug */,
				CE1C286221BA6926000612F3 /* Release */,
			);
			defaultConfigurationIsVisible = 0;
			defaultConfigurationName = Release;
		};
/* End XCConfigurationList section */
	};
	rootObject = CE1C283821BA6925000612F3 /* Project object */;
}
